
Microsoft Visual Studio Solution File, Format Version 12.00
# Visual Studio Version 17
VisualStudioVersion = 17.10.35122.118
MinimumVisualStudioVersion = 10.0.40219.1
Project("{FAE04EC0-301F-11D3-BF4B-00C04F79EFBC}") = "FileToBase64Convertor", "FileToBase64Convertor\FileToBase64Convertor.csproj", "{0AF55C79-0532-4B81-A177-3C9B8620B559}"
EndProject
Global
	GlobalSection(SolutionConfigurationPlatforms) = preSolution
		Debug|Any CPU = Debug|Any CPU
		Release|Any CPU = Release|Any CPU
	EndGlobalSection
	GlobalSection(ProjectConfigurationPlatforms) = postSolution
		{0AF55C79-0532-4B81-A177-3C9B8620B559}.Debug|Any CPU.ActiveCfg = Debug|Any CPU
		{0AF55C79-0532-4B81-A177-3C9B8620B559}.Debug|Any CPU.Build.0 = Debug|Any CPU
		{0AF55C79-0532-4B81-A177-3C9B8620B559}.Release|Any CPU.ActiveCfg = Release|Any CPU
		{0AF55C79-0532-4B81-A177-3C9B8620B559}.Release|Any CPU.Build.0 = Release|Any CPU
	EndGlobalSection
	GlobalSection(SolutionProperties) = preSolution
		HideSolutionNode = FALSE
	EndGlobalSection
	GlobalSection(ExtensibilityGlobals) = postSolution
		SolutionGuid = {6D12079F-D21C-4AE1-9013-26038C3FA039}
	EndGlobalSection
EndGlobal
